// !$*UTF8*$!
{
	archiveVersion = 1;
	classes = {
	};
	objectVersion = 56;
	objects = {

/* Begin PBXBuildFile section */
		3808262F2A7AC45C004C7A7B /* CollectionViewTableViewCell.swift in Sources */ = {isa = PBXBuildFile; fileRef = 3808262E2A7AC45C004C7A7B /* CollectionViewTableViewCell.swift */; };
		3859CD462AB8AE190075F1EE /* NetflixCloneModel.xcdatamodeld in Sources */ = {isa = PBXBuildFile; fileRef = 3859CD442AB8AE190075F1EE /* NetflixCloneModel.xcdatamodeld */; };
		385DA5ED2A8E85AA003909F0 /* APICaller.swift in Sources */ = {isa = PBXBuildFile; fileRef = 385DA5EC2A8E85AA003909F0 /* APICaller.swift */; };
		385DA5EF2A8E9043003909F0 /* Title.swift in Sources */ = {isa = PBXBuildFile; fileRef = 385DA5EE2A8E9043003909F0 /* Title.swift */; };
		3864CD2C2A82AF3600BF02C8 /* HeroHeaderUIView.swift in Sources */ = {isa = PBXBuildFile; fileRef = 3864CD2B2A82AF3600BF02C8 /* HeroHeaderUIView.swift */; };
		386B979D2A74D8C50048E1DE /* HomeViewController.swift in Sources */ = {isa = PBXBuildFile; fileRef = 386B979C2A74D8C50048E1DE /* HomeViewController.swift */; };
		386B97A02A74D8FC0048E1DE /* UpcomingViewController.swift in Sources */ = {isa = PBXBuildFile; fileRef = 386B979F2A74D8FC0048E1DE /* UpcomingViewController.swift */; };
		386B97A22A74D92C0048E1DE /* SearchViewController.swift in Sources */ = {isa = PBXBuildFile; fileRef = 386B97A12A74D92C0048E1DE /* SearchViewController.swift */; };
		386B97A42A74DC070048E1DE /* DownloadViewController.swift in Sources */ = {isa = PBXBuildFile; fileRef = 386B97A32A74DC070048E1DE /* DownloadViewController.swift */; };
		388060BF2AB9E11C00C7E16A /* DataPersistenceManager.swift in Sources */ = {isa = PBXBuildFile; fileRef = 388060BE2AB9E11C00C7E16A /* DataPersistenceManager.swift */; };
		38AA8F362AA65000005FEC34 /* SearchResultsviewControllerViewController.swift in Sources */ = {isa = PBXBuildFile; fileRef = 38AA8F352AA65000005FEC34 /* SearchResultsviewControllerViewController.swift */; };
		38D2E5392A9B1E0B0043B3F6 /* TitleCollectionViewCell.swift in Sources */ = {isa = PBXBuildFile; fileRef = 38D2E5382A9B1E0B0043B3F6 /* TitleCollectionViewCell.swift */; };
		38D2E53C2A9B3DF80043B3F6 /* SDWebImage in Frameworks */ = {isa = PBXBuildFile; productRef = 38D2E53B2A9B3DF80043B3F6 /* SDWebImage */; };
		38D2E53E2A9B3DF80043B3F6 /* SDWebImageMapKit in Frameworks */ = {isa = PBXBuildFile; productRef = 38D2E53D2A9B3DF80043B3F6 /* SDWebImageMapKit */; };
		38D2E5422A9B9FB90043B3F6 /* TitleTableViewCell.swift in Sources */ = {isa = PBXBuildFile; fileRef = 38D2E5412A9B9FB90043B3F6 /* TitleTableViewCell.swift */; };
		38D2E5442A9BAA640043B3F6 /* TitleViewModel.swift in Sources */ = {isa = PBXBuildFile; fileRef = 38D2E5432A9BAA640043B3F6 /* TitleViewModel.swift */; };
		38ED4B672A7247A300C19C4F /* AppDelegate.swift in Sources */ = {isa = PBXBuildFile; fileRef = 38ED4B662A7247A300C19C4F /* AppDelegate.swift */; };
		38ED4B692A7247A300C19C4F /* SceneDelegate.swift in Sources */ = {isa = PBXBuildFile; fileRef = 38ED4B682A7247A300C19C4F /* SceneDelegate.swift */; };
		38ED4B6B2A7247A300C19C4F /* MainTabBarViewController.swift in Sources */ = {isa = PBXBuildFile; fileRef = 38ED4B6A2A7247A300C19C4F /* MainTabBarViewController.swift */; };
		38ED4B702A7247A600C19C4F /* Assets.xcassets in Resources */ = {isa = PBXBuildFile; fileRef = 38ED4B6F2A7247A600C19C4F /* Assets.xcassets */; };
		38ED4B732A7247A600C19C4F /* LaunchScreen.storyboard in Resources */ = {isa = PBXBuildFile; fileRef = 38ED4B712A7247A600C19C4F /* LaunchScreen.storyboard */; };
		38F797EE2AB6DC040010FF5D /* YoutubeSearchResponse.swift in Sources */ = {isa = PBXBuildFile; fileRef = 38F797ED2AB6DC040010FF5D /* YoutubeSearchResponse.swift */; };
		38F797F02AB6E39F0010FF5D /* TitlePreviewViewController.swift in Sources */ = {isa = PBXBuildFile; fileRef = 38F797EF2AB6E39F0010FF5D /* TitlePreviewViewController.swift */; };
		38F797F42AB6F2500010FF5D /* TitlePreviewViewModel.swift in Sources */ = {isa = PBXBuildFile; fileRef = 38F797F32AB6F2500010FF5D /* TitlePreviewViewModel.swift */; };
/* End PBXBuildFile section */

/* Begin PBXFileReference section */
		3808262E2A7AC45C004C7A7B /* CollectionViewTableViewCell.swift */ = {isa = PBXFileReference; lastKnownFileType = sourcecode.swift; path = CollectionViewTableViewCell.swift; sourceTree = "<group>"; };
		3859CD452AB8AE190075F1EE /* NetflixCloneModel.xcdatamodel */ = {isa = PBXFileReference; lastKnownFileType = wrapper.xcdatamodel; path = NetflixCloneModel.xcdatamodel; sourceTree = "<group>"; };
		385DA5EC2A8E85AA003909F0 /* APICaller.swift */ = {isa = PBXFileReference; lastKnownFileType = sourcecode.swift; path = APICaller.swift; sourceTree = "<group>"; };
		385DA5EE2A8E9043003909F0 /* Title.swift */ = {isa = PBXFileReference; lastKnownFileType = sourcecode.swift; path = Title.swift; sourceTree = "<group>"; };
		3864CD2B2A82AF3600BF02C8 /* HeroHeaderUIView.swift */ = {isa = PBXFileReference; lastKnownFileType = sourcecode.swift; path = HeroHeaderUIView.swift; sourceTree = "<group>"; };
		386B979C2A74D8C50048E1DE /* HomeViewController.swift */ = {isa = PBXFileReference; lastKnownFileType = sourcecode.swift; path = HomeViewController.swift; sourceTree = "<group>"; };
		386B979F2A74D8FC0048E1DE /* UpcomingViewController.swift */ = {isa = PBXFileReference; lastKnownFileType = sourcecode.swift; path = UpcomingViewController.swift; sourceTree = "<group>"; };
		386B97A12A74D92C0048E1DE /* SearchViewController.swift */ = {isa = PBXFileReference; lastKnownFileType = sourcecode.swift; path = SearchViewController.swift; sourceTree = "<group>"; };
		386B97A32A74DC070048E1DE /* DownloadViewController.swift */ = {isa = PBXFileReference; lastKnownFileType = sourcecode.swift; path = DownloadViewController.swift; sourceTree = "<group>"; };
		388060BE2AB9E11C00C7E16A /* DataPersistenceManager.swift */ = {isa = PBXFileReference; lastKnownFileType = sourcecode.swift; path = DataPersistenceManager.swift; sourceTree = "<group>"; };
		38AA8F352AA65000005FEC34 /* SearchResultsviewControllerViewController.swift */ = {isa = PBXFileReference; lastKnownFileType = sourcecode.swift; path = SearchResultsviewControllerViewController.swift; sourceTree = "<group>"; };
		38D2E5382A9B1E0B0043B3F6 /* TitleCollectionViewCell.swift */ = {isa = PBXFileReference; lastKnownFileType = sourcecode.swift; path = TitleCollectionViewCell.swift; sourceTree = "<group>"; };
		38D2E5412A9B9FB90043B3F6 /* TitleTableViewCell.swift */ = {isa = PBXFileReference; lastKnownFileType = sourcecode.swift; path = TitleTableViewCell.swift; sourceTree = "<group>"; };
		38D2E5432A9BAA640043B3F6 /* TitleViewModel.swift */ = {isa = PBXFileReference; lastKnownFileType = sourcecode.swift; name = TitleViewModel.swift; path = "Netflix clone/Views/TitleViewModel.swift"; sourceTree = SOURCE_ROOT; };
		38ED4B632A7247A300C19C4F /* Netflix clone.app */ = {isa = PBXFileReference; explicitFileType = wrapper.application; includeInIndex = 0; path = "Netflix clone.app"; sourceTree = BUILT_PRODUCTS_DIR; };
		38ED4B662A7247A300C19C4F /* AppDelegate.swift */ = {isa = PBXFileReference; lastKnownFileType = sourcecode.swift; path = AppDelegate.swift; sourceTree = "<group>"; };
		38ED4B682A7247A300C19C4F /* SceneDelegate.swift */ = {isa = PBXFileReference; lastKnownFileType = sourcecode.swift; path = SceneDelegate.swift; sourceTree = "<group>"; };
		38ED4B6A2A7247A300C19C4F /* MainTabBarViewController.swift */ = {isa = PBXFileReference; lastKnownFileType = sourcecode.swift; path = MainTabBarViewController.swift; sourceTree = "<group>"; };
		38ED4B6F2A7247A600C19C4F /* Assets.xcassets */ = {isa = PBXFileReference; lastKnownFileType = folder.assetcatalog; path = Assets.xcassets; sourceTree = "<group>"; };
		38ED4B722A7247A600C19C4F /* Base */ = {isa = PBXFileReference; lastKnownFileType = file.storyboard; name = Base; path = Base.lproj/LaunchScreen.storyboard; sourceTree = "<group>"; };
		38ED4B742A7247A600C19C4F /* Info.plist */ = {isa = PBXFileReference; lastKnownFileType = text.plist.xml; path = Info.plist; sourceTree = "<group>"; };
		38F797ED2AB6DC040010FF5D /* YoutubeSearchResponse.swift */ = {isa = PBXFileReference; lastKnownFileType = sourcecode.swift; path = YoutubeSearchResponse.swift; sourceTree = "<group>"; };
		38F797EF2AB6E39F0010FF5D /* TitlePreviewViewController.swift */ = {isa = PBXFileReference; lastKnownFileType = sourcecode.swift; path = TitlePreviewViewController.swift; sourceTree = "<group>"; };
		38F797F32AB6F2500010FF5D /* TitlePreviewViewModel.swift */ = {isa = PBXFileReference; lastKnownFileType = sourcecode.swift; path = TitlePreviewViewModel.swift; sourceTree = "<group>"; };
/* End PBXFileReference section */

/* Begin PBXFrameworksBuildPhase section */
		38ED4B602A7247A300C19C4F /* Frameworks */ = {
			isa = PBXFrameworksBuildPhase;
			buildActionMask = 2147483647;
			files = (
				38D2E53E2A9B3DF80043B3F6 /* SDWebImageMapKit in Frameworks */,
				38D2E53C2A9B3DF80043B3F6 /* SDWebImage in Frameworks */,
			);
			runOnlyForDeploymentPostprocessing = 0;
		};
/* End PBXFrameworksBuildPhase section */

/* Begin PBXGroup section */
		380826292A7AC359004C7A7B /* Views */ = {
			isa = PBXGroup;
			children = (
				3808262E2A7AC45C004C7A7B /* CollectionViewTableViewCell.swift */,
				3864CD2B2A82AF3600BF02C8 /* HeroHeaderUIView.swift */,
				38D2E5382A9B1E0B0043B3F6 /* TitleCollectionViewCell.swift */,
				38D2E5412A9B9FB90043B3F6 /* TitleTableViewCell.swift */,
			);
			path = Views;
			sourceTree = "<group>";
		};
		3808262A2A7AC367004C7A7B /* ViewModels */ = {
			isa = PBXGroup;
			children = (
				38D2E5432A9BAA640043B3F6 /* TitleViewModel.swift */,
				38F797F32AB6F2500010FF5D /* TitlePreviewViewModel.swift */,
			);
			path = ViewModels;
			sourceTree = "<group>";
		};
		3808262B2A7AC375004C7A7B /* Models */ = {
			isa = PBXGroup;
			children = (
				385DA5EE2A8E9043003909F0 /* Title.swift */,
				38F797ED2AB6DC040010FF5D /* YoutubeSearchResponse.swift */,
			);
			path = Models;
			sourceTree = "<group>";
		};
		3808262C2A7AC3B3004C7A7B /* Resources */ = {
			isa = PBXGroup;
			children = (
			);
			path = Resources;
			sourceTree = "<group>";
		};
		3808262D2A7AC3C0004C7A7B /* Managers */ = {
			isa = PBXGroup;
			children = (
				385DA5EC2A8E85AA003909F0 /* APICaller.swift */,
				388060BE2AB9E11C00C7E16A /* DataPersistenceManager.swift */,
			);
			path = Managers;
			sourceTree = "<group>";
		};
		386B979E2A74D8DD0048E1DE /* Controllers */ = {
			isa = PBXGroup;
			children = (
				38AA8F372AA65068005FEC34 /* Core */,
				38AA8F382AA6507A005FEC34 /* General */,
			);
			path = Controllers;
			sourceTree = "<group>";
		};
		38AA8F372AA65068005FEC34 /* Core */ = {
			isa = PBXGroup;
			children = (
				386B979C2A74D8C50048E1DE /* HomeViewController.swift */,
				386B979F2A74D8FC0048E1DE /* UpcomingViewController.swift */,
				386B97A12A74D92C0048E1DE /* SearchViewController.swift */,
				386B97A32A74DC070048E1DE /* DownloadViewController.swift */,
			);
			path = Core;
			sourceTree = "<group>";
		};
		38AA8F382AA6507A005FEC34 /* General */ = {
			isa = PBXGroup;
			children = (
				38AA8F352AA65000005FEC34 /* SearchResultsviewControllerViewController.swift */,
				38F797EF2AB6E39F0010FF5D /* TitlePreviewViewController.swift */,
			);
			path = General;
			sourceTree = "<group>";
		};
		38ED4B5A2A7247A300C19C4F = {
			isa = PBXGroup;
			children = (
				38ED4B652A7247A300C19C4F /* Netflix clone */,
				38ED4B642A7247A300C19C4F /* Products */,
			);
			sourceTree = "<group>";
		};
		38ED4B642A7247A300C19C4F /* Products */ = {
			isa = PBXGroup;
			children = (
				38ED4B632A7247A300C19C4F /* Netflix clone.app */,
			);
			name = Products;
			sourceTree = "<group>";
		};
		38ED4B652A7247A300C19C4F /* Netflix clone */ = {
			isa = PBXGroup;
			children = (
				3808262D2A7AC3C0004C7A7B /* Managers */,
				3808262C2A7AC3B3004C7A7B /* Resources */,
				3808262B2A7AC375004C7A7B /* Models */,
				380826292A7AC359004C7A7B /* Views */,
				3808262A2A7AC367004C7A7B /* ViewModels */,
				386B979E2A74D8DD0048E1DE /* Controllers */,
				38ED4B662A7247A300C19C4F /* AppDelegate.swift */,
				38ED4B682A7247A300C19C4F /* SceneDelegate.swift */,
				38ED4B6A2A7247A300C19C4F /* MainTabBarViewController.swift */,
				38ED4B6F2A7247A600C19C4F /* Assets.xcassets */,
				38ED4B712A7247A600C19C4F /* LaunchScreen.storyboard */,
				38ED4B742A7247A600C19C4F /* Info.plist */,
				3859CD442AB8AE190075F1EE /* NetflixCloneModel.xcdatamodeld */,
			);
			path = "Netflix clone";
			sourceTree = "<group>";
		};
/* End PBXGroup section */

/* Begin PBXNativeTarget section */
		38ED4B622A7247A300C19C4F /* Netflix clone */ = {
			isa = PBXNativeTarget;
			buildConfigurationList = 38ED4B772A7247A600C19C4F /* Build configuration list for PBXNativeTarget "Netflix clone" */;
			buildPhases = (
				38ED4B5F2A7247A300C19C4F /* Sources */,
				38ED4B602A7247A300C19C4F /* Frameworks */,
				38ED4B612A7247A300C19C4F /* Resources */,
			);
			buildRules = (
			);
			dependencies = (
			);
			name = "Netflix clone";
			packageProductDependencies = (
				38D2E53B2A9B3DF80043B3F6 /* SDWebImage */,
				38D2E53D2A9B3DF80043B3F6 /* SDWebImageMapKit */,
			);
			productName = "Netflix clone";
			productReference = 38ED4B632A7247A300C19C4F /* Netflix clone.app */;
			productType = "com.apple.product-type.application";
		};
/* End PBXNativeTarget section */

/* Begin PBXProject section */
		38ED4B5B2A7247A300C19C4F /* Project object */ = {
			isa = PBXProject;
			attributes = {
				BuildIndependentTargetsInParallel = 1;
				LastSwiftUpdateCheck = 1420;
				LastUpgradeCheck = 1420;
				TargetAttributes = {
					38ED4B622A7247A300C19C4F = {
						CreatedOnToolsVersion = 14.2;
					};
				};
			};
			buildConfigurationList = 38ED4B5E2A7247A300C19C4F /* Build configuration list for PBXProject "Netflix clone" */;
			compatibilityVersion = "Xcode 14.0";
			developmentRegion = en;
			hasScannedForEncodings = 0;
			knownRegions = (
				en,
				Base,
			);
			mainGroup = 38ED4B5A2A7247A300C19C4F;
			packageReferences = (
				38D2E53A2A9B3DF80043B3F6 /* XCRemoteSwiftPackageReference "SDWebImage" */,
			);
			productRefGroup = 38ED4B642A7247A300C19C4F /* Products */;
			projectDirPath = "";
			projectRoot = "";
			targets = (
				38ED4B622A7247A300C19C4F /* Netflix clone */,
			);
		};
/* End PBXProject section */

/* Begin PBXResourcesBuildPhase section */
		38ED4B612A7247A300C19C4F /* Resources */ = {
			isa = PBXResourcesBuildPhase;
			buildActionMask = 2147483647;
			files = (
				38ED4B732A7247A600C19C4F /* LaunchScreen.storyboard in Resources */,
				38ED4B702A7247A600C19C4F /* Assets.xcassets in Resources */,
			);
			runOnlyForDeploymentPostprocessing = 0;
		};
/* End PBXResourcesBuildPhase section */

/* Begin PBXSourcesBuildPhase section */
		38ED4B5F2A7247A300C19C4F /* Sources */ = {
			isa = PBXSourcesBuildPhase;
			buildActionMask = 2147483647;
			files = (
				38F797F42AB6F2500010FF5D /* TitlePreviewViewModel.swift in Sources */,
				386B97A22A74D92C0048E1DE /* SearchViewController.swift in Sources */,
				38ED4B6B2A7247A300C19C4F /* MainTabBarViewController.swift in Sources */,
				38F797F02AB6E39F0010FF5D /* TitlePreviewViewController.swift in Sources */,
				38D2E5422A9B9FB90043B3F6 /* TitleTableViewCell.swift in Sources */,
				3808262F2A7AC45C004C7A7B /* CollectionViewTableViewCell.swift in Sources */,
				385DA5ED2A8E85AA003909F0 /* APICaller.swift in Sources */,
				3864CD2C2A82AF3600BF02C8 /* HeroHeaderUIView.swift in Sources */,
				38ED4B672A7247A300C19C4F /* AppDelegate.swift in Sources */,
				388060BF2AB9E11C00C7E16A /* DataPersistenceManager.swift in Sources */,
				3859CD462AB8AE190075F1EE /* NetflixCloneModel.xcdatamodeld in Sources */,
				386B97A42A74DC070048E1DE /* DownloadViewController.swift in Sources */,
				38F797EE2AB6DC040010FF5D /* YoutubeSearchResponse.swift in Sources */,
				38ED4B692A7247A300C19C4F /* SceneDelegate.swift in Sources */,
				386B97A02A74D8FC0048E1DE /* UpcomingViewController.swift in Sources */,
				38D2E5392A9B1E0B0043B3F6 /* TitleCollectionViewCell.swift in Sources */,
				38D2E5442A9BAA640043B3F6 /* TitleViewModel.swift in Sources */,
				38AA8F362AA65000005FEC34 /* SearchResultsviewControllerViewController.swift in Sources */,
				385DA5EF2A8E9043003909F0 /* Title.swift in Sources */,
				386B979D2A74D8C50048E1DE /* HomeViewController.swift in Sources */,
			);
			runOnlyForDeploymentPostprocessing = 0;
		};
/* End PBXSourcesBuildPhase section */

/* Begin PBXVariantGroup section */
		38ED4B712A7247A600C19C4F /* LaunchScreen.storyboard */ = {
			isa = PBXVariantGroup;
			children = (
				38ED4B722A7247A600C19C4F /* Base */,
			);
			name = LaunchScreen.storyboard;
			sourceTree = "<group>";
		};
/* End PBXVariantGroup section */

/* Begin XCBuildConfiguration section */
		38ED4B752A7247A600C19C4F /* Debug */ = {
			isa = XCBuildConfiguration;
			buildSettings = {
				ALWAYS_SEARCH_USER_PATHS = NO;
				CLANG_ANALYZER_NONNULL = YES;
				CLANG_ANALYZER_NUMBER_OBJECT_CONVERSION = YES_AGGRESSIVE;
				CLANG_CXX_LANGUAGE_STANDARD = "gnu++20";
				CLANG_ENABLE_MODULES = YES;
				CLANG_ENABLE_OBJC_ARC = YES;
				CLANG_ENABLE_OBJC_WEAK = YES;
				CLANG_WARN_BLOCK_CAPTURE_AUTORELEASING = YES;
				CLANG_WARN_BOOL_CONVERSION = YES;
				CLANG_WARN_COMMA = YES;
				CLANG_WARN_CONSTANT_CONVERSION = YES;
				CLANG_WARN_DEPRECATED_OBJC_IMPLEMENTATIONS = YES;
				CLANG_WARN_DIRECT_OBJC_ISA_USAGE = YES_ERROR;
				CLANG_WARN_DOCUMENTATION_COMMENTS = YES;
				CLANG_WARN_EMPTY_BODY = YES;
				CLANG_WARN_ENUM_CONVERSION = YES;
				CLANG_WARN_INFINITE_RECURSION = YES;
				CLANG_WARN_INT_CONVERSION = YES;
				CLANG_WARN_NON_LITERAL_NULL_CONVERSION = YES;
				CLANG_WARN_OBJC_IMPLICIT_RETAIN_SELF = YES;
				CLANG_WARN_OBJC_LITERAL_CONVERSION = YES;
				CLANG_WARN_OBJC_ROOT_CLASS = YES_ERROR;
				CLANG_WARN_QUOTED_INCLUDE_IN_FRAMEWORK_HEADER = YES;
				CLANG_WARN_RANGE_LOOP_ANALYSIS = YES;
				CLANG_WARN_STRICT_PROTOTYPES = YES;
				CLANG_WARN_SUSPICIOUS_MOVE = YES;
				CLANG_WARN_UNGUARDED_AVAILABILITY = YES_AGGRESSIVE;
				CLANG_WARN_UNREACHABLE_CODE = YES;
				CLANG_WARN__DUPLICATE_METHOD_MATCH = YES;
				COPY_PHASE_STRIP = NO;
				DEBUG_INFORMATION_FORMAT = dwarf;
				ENABLE_STRICT_OBJC_MSGSEND = YES;
				ENABLE_TESTABILITY = YES;
				GCC_C_LANGUAGE_STANDARD = gnu11;
				GCC_DYNAMIC_NO_PIC = NO;
				GCC_NO_COMMON_BLOCKS = YES;
				GCC_OPTIMIZATION_LEVEL = 0;
				GCC_PREPROCESSOR_DEFINITIONS = (
					"DEBUG=1",
					"$(inherited)",
				);
				GCC_WARN_64_TO_32_BIT_CONVERSION = YES;
				GCC_WARN_ABOUT_RETURN_TYPE = YES_ERROR;
				GCC_WARN_UNDECLARED_SELECTOR = YES;
				GCC_WARN_UNINITIALIZED_AUTOS = YES_AGGRESSIVE;
				GCC_WARN_UNUSED_FUNCTION = YES;
				GCC_WARN_UNUSED_VARIABLE = YES;
				IPHONEOS_DEPLOYMENT_TARGET = 16.2;
				MTL_ENABLE_DEBUG_INFO = INCLUDE_SOURCE;
				MTL_FAST_MATH = YES;
				ONLY_ACTIVE_ARCH = YES;
				SDKROOT = iphoneos;
				SWIFT_ACTIVE_COMPILATION_CONDITIONS = DEBUG;
				SWIFT_OPTIMIZATION_LEVEL = "-Onone";
			};
			name = Debug;
		};
		38ED4B762A7247A600C19C4F /* Release */ = {
			isa = XCBuildConfiguration;
			buildSettings = {
				ALWAYS_SEARCH_USER_PATHS = NO;
				CLANG_ANALYZER_NONNULL = YES;
				CLANG_ANALYZER_NUMBER_OBJECT_CONVERSION = YES_AGGRESSIVE;
				CLANG_CXX_LANGUAGE_STANDARD = "gnu++20";
				CLANG_ENABLE_MODULES = YES;
				CLANG_ENABLE_OBJC_ARC = YES;
				CLANG_ENABLE_OBJC_WEAK = YES;
				CLANG_WARN_BLOCK_CAPTURE_AUTORELEASING = YES;
				CLANG_WARN_BOOL_CONVERSION = YES;
				CLANG_WARN_COMMA = YES;
				CLANG_WARN_CONSTANT_CONVERSION = YES;
				CLANG_WARN_DEPRECATED_OBJC_IMPLEMENTATIONS = YES;
				CLANG_WARN_DIRECT_OBJC_ISA_USAGE = YES_ERROR;
				CLANG_WARN_DOCUMENTATION_COMMENTS = YES;
				CLANG_WARN_EMPTY_BODY = YES;
				CLANG_WARN_ENUM_CONVERSION = YES;
				CLANG_WARN_INFINITE_RECURSION = YES;
				CLANG_WARN_INT_CONVERSION = YES;
				CLANG_WARN_NON_LITERAL_NULL_CONVERSION = YES;
				CLANG_WARN_OBJC_IMPLICIT_RETAIN_SELF = YES;
				CLANG_WARN_OBJC_LITERAL_CONVERSION = YES;
				CLANG_WARN_OBJC_ROOT_CLASS = YES_ERROR;
				CLANG_WARN_QUOTED_INCLUDE_IN_FRAMEWORK_HEADER = YES;
				CLANG_WARN_RANGE_LOOP_ANALYSIS = YES;
				CLANG_WARN_STRICT_PROTOTYPES = YES;
				CLANG_WARN_SUSPICIOUS_MOVE = YES;
				CLANG_WARN_UNGUARDED_AVAILABILITY = YES_AGGRESSIVE;
				CLANG_WARN_UNREACHABLE_CODE = YES;
				CLANG_WARN__DUPLICATE_METHOD_MATCH = YES;
				COPY_PHASE_STRIP = NO;
				DEBUG_INFORMATION_FORMAT = "dwarf-with-dsym";
				ENABLE_NS_ASSERTIONS = NO;
				ENABLE_STRICT_OBJC_MSGSEND = YES;
				GCC_C_LANGUAGE_STANDARD = gnu11;
				GCC_NO_COMMON_BLOCKS = YES;
				GCC_WARN_64_TO_32_BIT_CONVERSION = YES;
				GCC_WARN_ABOUT_RETURN_TYPE = YES_ERROR;
				GCC_WARN_UNDECLARED_SELECTOR = YES;
				GCC_WARN_UNINITIALIZED_AUTOS = YES_AGGRESSIVE;
				GCC_WARN_UNUSED_FUNCTION = YES;
				GCC_WARN_UNUSED_VARIABLE = YES;
				IPHONEOS_DEPLOYMENT_TARGET = 16.2;
				MTL_ENABLE_DEBUG_INFO = NO;
				MTL_FAST_MATH = YES;
				SDKROOT = iphoneos;
				SWIFT_COMPILATION_MODE = wholemodule;
				SWIFT_OPTIMIZATION_LEVEL = "-O";
				VALIDATE_PRODUCT = YES;
			};
			name = Release;
		};
		38ED4B782A7247A600C19C4F /* Debug */ = {
			isa = XCBuildConfiguration;
			buildSettings = {
				ASSETCATALOG_COMPILER_APPICON_NAME = AppIcon;
				ASSETCATALOG_COMPILER_GLOBAL_ACCENT_COLOR_NAME = AccentColor;
				CODE_SIGN_STYLE = Automatic;
				CURRENT_PROJECT_VERSION = 1;
				DEVELOPMENT_TEAM = 3C94VCLA9D;
				GENERATE_INFOPLIST_FILE = YES;
				INFOPLIST_FILE = "Netflix clone/Info.plist";
				INFOPLIST_KEY_UIApplicationSupportsIndirectInputEvents = YES;
				INFOPLIST_KEY_UILaunchStoryboardName = LaunchScreen;
				INFOPLIST_KEY_UISupportedInterfaceOrientations_iPad = "UIInterfaceOrientationPortrait UIInterfaceOrientationPortraitUpsideDown UIInterfaceOrientationLandscapeLeft UIInterfaceOrientationLandscapeRight";
				INFOPLIST_KEY_UISupportedInterfaceOrientations_iPhone = "UIInterfaceOrientationPortrait UIInterfaceOrientationLandscapeLeft UIInterfaceOrientationLandscapeRight";
				LD_RUNPATH_SEARCH_PATHS = (
					"$(inherited)",
					"@executable_path/Frameworks",
				);
				MARKETING_VERSION = 1.0;
				PRODUCT_BUNDLE_IDENTIFIER = "me.hiteshsuthar.Netflix-clone";
				PRODUCT_NAME = "$(TARGET_NAME)";
				SWIFT_EMIT_LOC_STRINGS = YES;
				SWIFT_VERSION = 5.0;
				TARGETED_DEVICE_FAMILY = "1,2";
			};
			name = Debug;
		};
		38ED4B792A7247A600C19C4F /* Release */ = {
			isa = XCBuildConfiguration;
			buildSettings = {
				ASSETCATALOG_COMPILER_APPICON_NAME = AppIcon;
				ASSETCATALOG_COMPILER_GLOBAL_ACCENT_COLOR_NAME = AccentColor;
				CODE_SIGN_STYLE = Automatic;
				CURRENT_PROJECT_VERSION = 1;
				DEVELOPMENT_TEAM = 3C94VCLA9D;
				GENERATE_INFOPLIST_FILE = YES;
				INFOPLIST_FILE = "Netflix clone/Info.plist";
				INFOPLIST_KEY_UIApplicationSupportsIndirectInputEvents = YES;
				INFOPLIST_KEY_UILaunchStoryboardName = LaunchScreen;
				INFOPLIST_KEY_UISupportedInterfaceOrientations_iPad = "UIInterfaceOrientationPortrait UIInterfaceOrientationPortraitUpsideDown UIInterfaceOrientationLandscapeLeft UIInterfaceOrientationLandscapeRight";
				INFOPLIST_KEY_UISupportedInterfaceOrientations_iPhone = "UIInterfaceOrientationPortrait UIInterfaceOrientationLandscapeLeft UIInterfaceOrientationLandscapeRight";
				LD_RUNPATH_SEARCH_PATHS = (
					"$(inherited)",
					"@executable_path/Frameworks",
				);
				MARKETING_VERSION = 1.0;
				PRODUCT_BUNDLE_IDENTIFIER = "me.hiteshsuthar.Netflix-clone";
				PRODUCT_NAME = "$(TARGET_NAME)";
				SWIFT_EMIT_LOC_STRINGS = YES;
				SWIFT_VERSION = 5.0;
				TARGETED_DEVICE_FAMILY = "1,2";
			};
			name = Release;
		};
/* End XCBuildConfiguration section */

/* Begin XCConfigurationList section */
		38ED4B5E2A7247A300C19C4F /* Build configuration list for PBXProject "Netflix clone" */ = {
			isa = XCConfigurationList;
			buildConfigurations = (
				38ED4B752A7247A600C19C4F /* Debug */,
				38ED4B762A7247A600C19C4F /* Release */,
			);
			defaultConfigurationIsVisible = 0;
			defaultConfigurationName = Release;
		};
		38ED4B772A7247A600C19C4F /* Build configuration list for PBXNativeTarget "Netflix clone" */ = {
			isa = XCConfigurationList;
			buildConfigurations = (
				38ED4B782A7247A600C19C4F /* Debug */,
				38ED4B792A7247A600C19C4F /* Release */,
			);
			defaultConfigurationIsVisible = 0;
			defaultConfigurationName = Release;
		};
/* End XCConfigurationList section */

/* Begin XCRemoteSwiftPackageReference section */
		38D2E53A2A9B3DF80043B3F6 /* XCRemoteSwiftPackageReference "SDWebImage" */ = {
			isa = XCRemoteSwiftPackageReference;
			repositoryURL = "https://github.com/SDWebImage/SDWebImage";
			requirement = {
				kind = upToNextMajorVersion;
				minimumVersion = 5.0.0;
			};
		};
/* End XCRemoteSwiftPackageReference section */

/* Begin XCSwiftPackageProductDependency section */
		38D2E53B2A9B3DF80043B3F6 /* SDWebImage */ = {
			isa = XCSwiftPackageProductDependency;
			package = 38D2E53A2A9B3DF80043B3F6 /* XCRemoteSwiftPackageReference "SDWebImage" */;
			productName = SDWebImage;
		};
		38D2E53D2A9B3DF80043B3F6 /* SDWebImageMapKit */ = {
			isa = XCSwiftPackageProductDependency;
			package = 38D2E53A2A9B3DF80043B3F6 /* XCRemoteSwiftPackageReference "SDWebImage" */;
			productName = SDWebImageMapKit;
		};
/* End XCSwiftPackageProductDependency section */

/* Begin XCVersionGroup section */
		3859CD442AB8AE190075F1EE /* NetflixCloneModel.xcdatamodeld */ = {
			isa = XCVersionGroup;
			children = (
				3859CD452AB8AE190075F1EE /* NetflixCloneModel.xcdatamodel */,
			);
			currentVersion = 3859CD452AB8AE190075F1EE /* NetflixCloneModel.xcdatamodel */;
			path = NetflixCloneModel.xcdatamodeld;
			sourceTree = "<group>";
			versionGroupType = wrapper.xcdatamodel;
		};
/* End XCVersionGroup section */
	};
	rootObject = 38ED4B5B2A7247A300C19C4F /* Project object */;
}
